
Microsoft Visual Studio Solution File, Format Version 12.00
# Visual Studio 2013
VisualStudioVersion = 12.0.30501.0
MinimumVisualStudioVersion = 10.0.40219.1
Project("{FAE04EC0-301F-11D3-BF4B-00C04F79EFBC}") = "Drawing", "Drawing\Drawing.csproj", "{B3D19466-A2E5-4D68-8304-3CF880F69D2E}"
EndProject
Project("{FAE04EC0-301F-11D3-BF4B-00C04F79EFBC}") = "DrawingPaint", "DrawingPaint\DrawingPaint.csproj", "{FC1017DA-1395-40E5-BCF7-83C35B5EAEC6}"
EndProject
Global
	GlobalSection(SolutionConfigurationPlatforms) = preSolution
		Debug|Any CPU = Debug|Any CPU
		Release|Any CPU = Release|Any CPU
	EndGlobalSection
	GlobalSection(ProjectConfigurationPlatforms) = postSolution
		{B3D19466-A2E5-4D68-8304-3CF880F69D2E}.Debug|Any CPU.ActiveCfg = Debug|Any CPU
		{B3D19466-A2E5-4D68-8304-3CF880F69D2E}.Debug|Any CPU.Build.0 = Debug|Any CPU
		{B3D19466-A2E5-4D68-8304-3CF880F69D2E}.Release|Any CPU.ActiveCfg = Release|Any CPU
		{B3D19466-A2E5-4D68-8304-3CF880F69D2E}.Release|Any CPU.Build.0 = Release|Any CPU
		{FC1017DA-1395-40E5-BCF7-83C35B5EAEC6}.Debug|Any CPU.ActiveCfg = Debug|Any CPU
		{FC1017DA-1395-40E5-BCF7-83C35B5EAEC6}.Debug|Any CPU.Build.0 = Debug|Any CPU
		{FC1017DA-1395-40E5-BCF7-83C35B5EAEC6}.Release|Any CPU.ActiveCfg = Release|Any CPU
		{FC1017DA-1395-40E5-BCF7-83C35B5EAEC6}.Release|Any CPU.Build.0 = Release|Any CPU
	EndGlobalSection
	GlobalSection(SolutionProperties) = preSolution
		HideSolutionNode = FALSE
	EndGlobalSection
EndGlobal
